{
  "name": "test",
  "version": "1.0.0",
  "lockfileVersion": 3,
  "requires": true,
  "packages": {
    "": {
      "name": "test",
      "version": "1.0.0",
      "license": "ISC",
      "dependencies": {
        "maths_b": "^1.0.0"
      }
    },
    "node_modules/maths_b": {
      "version": "1.0.0",
      "resolved": "https://registry.npmjs.org/maths_b/-/maths_b-1.0.0.tgz",
      "integrity": "sha512-whFMfRwGW8KLBRs53yRJQbUhtk0fHtMQ/uEsH+UkW/FAgHocD7EOhw9PsiwdjYZYDBHq2gcSRpsB7s/wt+jxZQ=="
    }
  }
}
