{
  "name": "test",
  "version": "1.0.0",
  "lockfileVersion": 3,
  "requires": true,
  "packages": {
    "": {
      "name": "test",
      "version": "1.0.0",
      "license": "ISC",
      "dependencies": {
        "maths_b": "^1.0.1"
      }
    },
    "node_modules/maths_b": {
      "version": "1.0.1",
      "resolved": "https://registry.npmjs.org/maths_b/-/maths_b-1.0.1.tgz",
      "integrity": "sha512-QKEEFD2Wm3cPqZzOAPW5R/vLIRezaWBJvSSW2uPeP6lyClCNyeT1aB4Cp2BXD5Gf7SKKcZ9Cp08KVudKjfrNBA=="
    }
  }
}
